
Microsoft Visual Studio Solution File, Format Version 12.00
# Visual Studio Version 17
VisualStudioVersion = 17.9.34701.34
MinimumVisualStudioVersion = 10.0.40219.1
Project("{FAE04EC0-301F-11D3-BF4B-00C04F79EFBC}") = "CouponsClient.API", "CouponsClient.API\CouponsClient.API.csproj", "{564F5858-A853-4F22-9CAF-CD7A43732F28}"
EndProject
Project("{FAE04EC0-301F-11D3-BF4B-00C04F79EFBC}") = "CouponsClient.BC", "CouponsClient.BC\CouponsClient.BC.csproj", "{F401B262-37D4-4AB8-9227-30EEBC06704C}"
EndProject
Project("{FAE04EC0-301F-11D3-BF4B-00C04F79EFBC}") = "CouponsClient.BW", "CouponsClient.BW\CouponsClient.BW.csproj", "{00B59C1A-9937-4045-B7EB-8DA925A917C4}"
EndProject
Project("{FAE04EC0-301F-11D3-BF4B-00C04F79EFBC}") = "CouponsClient.DA", "CouponsClient.DA\CouponsClient.DA.csproj", "{A93AD5D8-2E5D-42D4-B7C0-65A48C762AE2}"
EndProject
Project("{FAE04EC0-301F-11D3-BF4B-00C04F79EFBC}") = "CouponsClient.SG", "CouponsClient.SG\CouponsClient.SG.csproj", "{931E7202-A873-4AED-B03D-BB48E3E08358}"
EndProject
Global
	GlobalSection(SolutionConfigurationPlatforms) = preSolution
		Debug|Any CPU = Debug|Any CPU
		Release|Any CPU = Release|Any CPU
	EndGlobalSection
	GlobalSection(ProjectConfigurationPlatforms) = postSolution
		{564F5858-A853-4F22-9CAF-CD7A43732F28}.Debug|Any CPU.ActiveCfg = Debug|Any CPU
		{564F5858-A853-4F22-9CAF-CD7A43732F28}.Debug|Any CPU.Build.0 = Debug|Any CPU
		{564F5858-A853-4F22-9CAF-CD7A43732F28}.Release|Any CPU.ActiveCfg = Release|Any CPU
		{564F5858-A853-4F22-9CAF-CD7A43732F28}.Release|Any CPU.Build.0 = Release|Any CPU
		{F401B262-37D4-4AB8-9227-30EEBC06704C}.Debug|Any CPU.ActiveCfg = Debug|Any CPU
		{F401B262-37D4-4AB8-9227-30EEBC06704C}.Debug|Any CPU.Build.0 = Debug|Any CPU
		{F401B262-37D4-4AB8-9227-30EEBC06704C}.Release|Any CPU.ActiveCfg = Release|Any CPU
		{F401B262-37D4-4AB8-9227-30EEBC06704C}.Release|Any CPU.Build.0 = Release|Any CPU
		{00B59C1A-9937-4045-B7EB-8DA925A917C4}.Debug|Any CPU.ActiveCfg = Debug|Any CPU
		{00B59C1A-9937-4045-B7EB-8DA925A917C4}.Debug|Any CPU.Build.0 = Debug|Any CPU
		{00B59C1A-9937-4045-B7EB-8DA925A917C4}.Release|Any CPU.ActiveCfg = Release|Any CPU
		{00B59C1A-9937-4045-B7EB-8DA925A917C4}.Release|Any CPU.Build.0 = Release|Any CPU
		{A93AD5D8-2E5D-42D4-B7C0-65A48C762AE2}.Debug|Any CPU.ActiveCfg = Debug|Any CPU
		{A93AD5D8-2E5D-42D4-B7C0-65A48C762AE2}.Debug|Any CPU.Build.0 = Debug|Any CPU
		{A93AD5D8-2E5D-42D4-B7C0-65A48C762AE2}.Release|Any CPU.ActiveCfg = Release|Any CPU
		{A93AD5D8-2E5D-42D4-B7C0-65A48C762AE2}.Release|Any CPU.Build.0 = Release|Any CPU
		{931E7202-A873-4AED-B03D-BB48E3E08358}.Debug|Any CPU.ActiveCfg = Debug|Any CPU
		{931E7202-A873-4AED-B03D-BB48E3E08358}.Debug|Any CPU.Build.0 = Debug|Any CPU
		{931E7202-A873-4AED-B03D-BB48E3E08358}.Release|Any CPU.ActiveCfg = Release|Any CPU
		{931E7202-A873-4AED-B03D-BB48E3E08358}.Release|Any CPU.Build.0 = Release|Any CPU
	EndGlobalSection
	GlobalSection(SolutionProperties) = preSolution
		HideSolutionNode = FALSE
	EndGlobalSection
	GlobalSection(ExtensibilityGlobals) = postSolution
		SolutionGuid = {6A75EDC2-891E-438C-B6EB-63E6D5488BB9}
	EndGlobalSection
EndGlobal
